
Microsoft Visual Studio Solution File, Format Version 12.00
# Visual Studio 2012
Project("{FAE04EC0-301F-11D3-BF4B-00C04F79EFBC}") = "Samples.iOS", "Samples.iOS\Samples.iOS.csproj", "{02D29759-0C59-4022-B005-CEFD465C9F4F}"
EndProject
Project("{FAE04EC0-301F-11D3-BF4B-00C04F79EFBC}") = "Samples.Droid", "Samples.Droid\Samples.Droid.csproj", "{3C90F5F0-BCAE-4BB9-8FD9-17ECD6089239}"
EndProject
Project("{D954291E-2A0B-460D-934E-DC6B0785DB48}") = "Samples", "Samples\Samples.shproj", "{3E90138F-182A-4669-81C7-F7C66373E937}"
EndProject
Global
	GlobalSection(SolutionConfigurationPlatforms) = preSolution
		Debug|iPhoneSimulator = Debug|iPhoneSimulator
		Release|iPhoneSimulator = Release|iPhoneSimulator
		Debug|iPhone = Debug|iPhone
		Release|iPhone = Release|iPhone
		Ad-Hoc|iPhone = Ad-Hoc|iPhone
		AppStore|iPhone = AppStore|iPhone
	EndGlobalSection
	GlobalSection(ProjectConfigurationPlatforms) = postSolution
		{02D29759-0C59-4022-B005-CEFD465C9F4F}.Ad-Hoc|iPhone.ActiveCfg = Ad-Hoc|iPhone
		{02D29759-0C59-4022-B005-CEFD465C9F4F}.Ad-Hoc|iPhone.Build.0 = Ad-Hoc|iPhone
		{02D29759-0C59-4022-B005-CEFD465C9F4F}.AppStore|iPhone.ActiveCfg = AppStore|iPhone
		{02D29759-0C59-4022-B005-CEFD465C9F4F}.AppStore|iPhone.Build.0 = AppStore|iPhone
		{02D29759-0C59-4022-B005-CEFD465C9F4F}.Debug|iPhone.ActiveCfg = Debug|iPhone
		{02D29759-0C59-4022-B005-CEFD465C9F4F}.Debug|iPhone.Build.0 = Debug|iPhone
		{02D29759-0C59-4022-B005-CEFD465C9F4F}.Debug|iPhoneSimulator.ActiveCfg = Debug|iPhoneSimulator
		{02D29759-0C59-4022-B005-CEFD465C9F4F}.Debug|iPhoneSimulator.Build.0 = Debug|iPhoneSimulator
		{02D29759-0C59-4022-B005-CEFD465C9F4F}.Release|iPhone.ActiveCfg = Release|iPhone
		{02D29759-0C59-4022-B005-CEFD465C9F4F}.Release|iPhone.Build.0 = Release|iPhone
		{02D29759-0C59-4022-B005-CEFD465C9F4F}.Release|iPhoneSimulator.ActiveCfg = Release|iPhoneSimulator
		{02D29759-0C59-4022-B005-CEFD465C9F4F}.Release|iPhoneSimulator.Build.0 = Release|iPhoneSimulator
		{3C90F5F0-BCAE-4BB9-8FD9-17ECD6089239}.Ad-Hoc|iPhone.ActiveCfg = Release|Any CPU
		{3C90F5F0-BCAE-4BB9-8FD9-17ECD6089239}.Ad-Hoc|iPhone.Build.0 = Release|Any CPU
		{3C90F5F0-BCAE-4BB9-8FD9-17ECD6089239}.AppStore|iPhone.ActiveCfg = Release|Any CPU
		{3C90F5F0-BCAE-4BB9-8FD9-17ECD6089239}.AppStore|iPhone.Build.0 = Release|Any CPU
		{3C90F5F0-BCAE-4BB9-8FD9-17ECD6089239}.Debug|iPhone.ActiveCfg = Debug|Any CPU
		{3C90F5F0-BCAE-4BB9-8FD9-17ECD6089239}.Debug|iPhone.Build.0 = Debug|Any CPU
		{3C90F5F0-BCAE-4BB9-8FD9-17ECD6089239}.Debug|iPhoneSimulator.ActiveCfg = Debug|Any CPU
		{3C90F5F0-BCAE-4BB9-8FD9-17ECD6089239}.Debug|iPhoneSimulator.Build.0 = Debug|Any CPU
		{3C90F5F0-BCAE-4BB9-8FD9-17ECD6089239}.Release|iPhone.ActiveCfg = Release|Any CPU
		{3C90F5F0-BCAE-4BB9-8FD9-17ECD6089239}.Release|iPhone.Build.0 = Release|Any CPU
		{3C90F5F0-BCAE-4BB9-8FD9-17ECD6089239}.Release|iPhoneSimulator.ActiveCfg = Release|Any CPU
		{3C90F5F0-BCAE-4BB9-8FD9-17ECD6089239}.Release|iPhoneSimulator.Build.0 = Release|Any CPU
	EndGlobalSection
EndGlobal
